
Microsoft Visual Studio Solution File, Format Version 12.00
# Visual Studio Version 16
VisualStudioVersion = 16.0.31624.102
MinimumVisualStudioVersion = 10.0.40219.1
Project("{FAE04EC0-301F-11D3-BF4B-00C04F79EFBC}") = "SeguridadHSC(Ejecutable)", "SeguridadHSC(Ejecutable)\SeguridadHSC(Ejecutable).csproj", "{DA28C4C9-B583-47F6-8F4A-D89462DBE5DA}"
EndProject
Global
	GlobalSection(SolutionConfigurationPlatforms) = preSolution
		Debug|Any CPU = Debug|Any CPU
		Release|Any CPU = Release|Any CPU
	EndGlobalSection
	GlobalSection(ProjectConfigurationPlatforms) = postSolution
		{DA28C4C9-B583-47F6-8F4A-D89462DBE5DA}.Debug|Any CPU.ActiveCfg = Debug|Any CPU
		{DA28C4C9-B583-47F6-8F4A-D89462DBE5DA}.Debug|Any CPU.Build.0 = Debug|Any CPU
		{DA28C4C9-B583-47F6-8F4A-D89462DBE5DA}.Release|Any CPU.ActiveCfg = Release|Any CPU
		{DA28C4C9-B583-47F6-8F4A-D89462DBE5DA}.Release|Any CPU.Build.0 = Release|Any CPU
	EndGlobalSection
	GlobalSection(SolutionProperties) = preSolution
		HideSolutionNode = FALSE
	EndGlobalSection
	GlobalSection(ExtensibilityGlobals) = postSolution
		SolutionGuid = {58D126F2-9D7C-426A-85BE-BACB8A4911A4}
	EndGlobalSection
EndGlobal
